
Microsoft Visual Studio Solution File, Format Version 12.00
# Visual Studio 14
VisualStudioVersion = 14.0.25123.0
MinimumVisualStudioVersion = 10.0.40219.1
Project("{2150E333-8FDC-42A3-9474-1A3956D46DE8}") = "Backend", "Backend", "{2558C5EA-724C-4842-AA7D-F404DDE59882}"
EndProject
Project("{2150E333-8FDC-42A3-9474-1A3956D46DE8}") = "Client", "Client", "{7DE8396C-9C6C-42C2-8416-4C4C1FC6F55B}"
EndProject
Project("{2150E333-8FDC-42A3-9474-1A3956D46DE8}") = "Managers", "Managers", "{41191C85-3574-4007-BEAE-9925F38B795E}"
EndProject
Project("{2150E333-8FDC-42A3-9474-1A3956D46DE8}") = "Accessors", "Accessors", "{E40E8888-458C-49AF-8C37-AAA9928AF129}"
EndProject
Project("{2150E333-8FDC-42A3-9474-1A3956D46DE8}") = "Engines", "Engines", "{8115BA56-E90A-4CF8-99F7-A02DC8EAB402}"
EndProject
Project("{2150E333-8FDC-42A3-9474-1A3956D46DE8}") = "Import", "Import", "{90422165-1E78-44F2-B4D5-514490AC21BE}"
EndProject
Project("{2150E333-8FDC-42A3-9474-1A3956D46DE8}") = "Services", "Services", "{5D2CA21C-1B18-485D-BB0C-66ABCA0513AD}"
EndProject
Project("{FAE04EC0-301F-11D3-BF4B-00C04F79EFBC}") = "PriceCompare.Backend.Services.WebApi", "PriceCompare.Backend.Services.WebApi\PriceCompare.Backend.Services.WebApi.csproj", "{F241699A-1D3E-4385-BE2A-5571D749DEE0}"
EndProject
Project("{FAE04EC0-301F-11D3-BF4B-00C04F79EFBC}") = "PriceCompare.Backend.Managers.Import", "PriceCompare.Backend.Managers.Import\PriceCompare.Backend.Managers.Import.csproj", "{03D40BA1-B391-4FCA-8A39-94804FD2A0A2}"
EndProject
Project("{FAE04EC0-301F-11D3-BF4B-00C04F79EFBC}") = "PriceCompare.Backend.Managers.Import.Contracts", "PriceCompare.Backend.Managers.Import.Contracts\PriceCompare.Backend.Managers.Import.Contracts.csproj", "{EEA83B1E-9992-4643-A701-EEF617A1B120}"
EndProject
Project("{2150E333-8FDC-42A3-9474-1A3956D46DE8}") = "Import", "Import", "{0DA7C72A-0BE1-4FE0-9B89-CE57110C48B5}"
EndProject
Project("{FAE04EC0-301F-11D3-BF4B-00C04F79EFBC}") = "PriceCompare.Backend.Engiens.Import", "PriceCompare.Backend.Engiens.Import\PriceCompare.Backend.Engiens.Import.csproj", "{E7A760EF-04F3-4421-893C-2686EE24CF69}"
EndProject
Project("{FAE04EC0-301F-11D3-BF4B-00C04F79EFBC}") = "PriceCompare.Backend.Engiens.Import.Contracts", "PriceCompare.Backend.Engiens.Import.Contracts\PriceCompare.Backend.Engiens.Import.Contracts.csproj", "{EF38248A-A1A5-41D1-961F-91A7DE0B300B}"
EndProject
Project("{2150E333-8FDC-42A3-9474-1A3956D46DE8}") = "Import", "Import", "{C586F39E-D4BB-4BB4-A07D-53FBB9F41E5F}"
EndProject
Project("{FAE04EC0-301F-11D3-BF4B-00C04F79EFBC}") = "PriceCompare.Backend.Accessors.Import", "PriceCompare.Backend.Accessors.Import\PriceCompare.Backend.Accessors.Import.csproj", "{82855C25-2A34-43A0-9F1E-6B72B31D59BA}"
EndProject
Project("{FAE04EC0-301F-11D3-BF4B-00C04F79EFBC}") = "PriceCompare.Backend.Accessors.Import.Contracts", "PriceCompare.Backend.Accessors.Import.Contracts\PriceCompare.Backend.Accessors.Import.Contracts.csproj", "{D5F00820-2345-4158-9000-82C82FE037D3}"
EndProject
Project("{2150E333-8FDC-42A3-9474-1A3956D46DE8}") = "Catalog", "Catalog", "{1CED3019-0EF0-417A-B6C9-D0A0CF8DEB50}"
EndProject
Project("{2150E333-8FDC-42A3-9474-1A3956D46DE8}") = "Catalog", "Catalog", "{15ACAEC8-BFD3-4A3E-8260-DA27A803094F}"
EndProject
Project("{FAE04EC0-301F-11D3-BF4B-00C04F79EFBC}") = "PriceCompare.Backend.Managers.Catalog.Contracts", "PriceCompare.Backend.Managers.Catalog.Contracts\PriceCompare.Backend.Managers.Catalog.Contracts.csproj", "{8B896AE3-42D5-4CA0-8E52-B9F076DD2ADD}"
EndProject
Project("{FAE04EC0-301F-11D3-BF4B-00C04F79EFBC}") = "PriceCompare.Backend.Managers.Catalog", "PriceCompare.Backend.Managers.Catalog\PriceCompare.Backend.Managers.Catalog.csproj", "{BB279C68-5C76-441D-8A27-F899EF8A8F82}"
EndProject
Project("{FAE04EC0-301F-11D3-BF4B-00C04F79EFBC}") = "PriceCompare.Backend.Accessors.Catalog.Contracts", "PriceCompare.Backend.Accessors.Catalog.Contracts\PriceCompare.Backend.Accessors.Catalog.Contracts.csproj", "{21C213C6-2382-4AE9-92E8-995F9D065C90}"
EndProject
Project("{FAE04EC0-301F-11D3-BF4B-00C04F79EFBC}") = "PriceCompare.Backend.Accessors.Catalog", "PriceCompare.Backend.Accessors.Catalog\PriceCompare.Backend.Accessors.Catalog.csproj", "{90A61900-BE8B-4718-83B2-4192652DD1CC}"
EndProject
Project("{2150E333-8FDC-42A3-9474-1A3956D46DE8}") = "Data", "Data", "{964D735A-DCF9-4C3B-ADEC-BCB98F514BDD}"
EndProject
Project("{FAE04EC0-301F-11D3-BF4B-00C04F79EFBC}") = "PriceCompare.Backend.Data", "PriceCompare.Backend.Data\PriceCompare.Backend.Data.csproj", "{D2D12F7C-8BFC-48FE-B9FD-976DCA29E458}"
EndProject
Project("{2150E333-8FDC-42A3-9474-1A3956D46DE8}") = "Cart", "Cart", "{AB1FE344-96B6-407D-8F5D-B1029424C3AB}"
EndProject
Project("{2150E333-8FDC-42A3-9474-1A3956D46DE8}") = "Cart", "Cart", "{C44BE2F1-F449-43A3-985C-3392C7C93FB7}"
EndProject
Project("{FAE04EC0-301F-11D3-BF4B-00C04F79EFBC}") = "PriceCompare.Backend.Accessors.Cart.Contracts", "PriceCompare.Backend.Accessors.Cart.Contracts\PriceCompare.Backend.Accessors.Cart.Contracts.csproj", "{2ECF0182-4583-4911-825D-A1560AC00B7A}"
EndProject
Project("{FAE04EC0-301F-11D3-BF4B-00C04F79EFBC}") = "PriceCompare.Backend.Accessors.Cart", "PriceCompare.Backend.Accessors.Cart\PriceCompare.Backend.Accessors.Cart.csproj", "{911C5AE1-D0FA-46E5-B32F-B5B367384692}"
EndProject
Project("{FAE04EC0-301F-11D3-BF4B-00C04F79EFBC}") = "PriceCompare.Backend.Managers.Cart", "PriceCompare.Backend.Managers.Cart\PriceCompare.Backend.Managers.Cart.csproj", "{D0E70B9F-47FB-4D3B-A47F-4000C7BCA6D8}"
EndProject
Project("{FAE04EC0-301F-11D3-BF4B-00C04F79EFBC}") = "PriceCompare.Backend.Managers.Cart.Contracts", "PriceCompare.Backend.Managers.Cart.Contracts\PriceCompare.Backend.Managers.Cart.Contracts.csproj", "{C66364BD-B2B3-4DE5-9B4D-A50F181E602E}"
EndProject
Project("{2150E333-8FDC-42A3-9474-1A3956D46DE8}") = "Logic", "Logic", "{E2F56F4A-2A6A-4799-836E-14C14F6F809C}"
EndProject
Project("{FAE04EC0-301F-11D3-BF4B-00C04F79EFBC}") = "PriceCompare.Client.Services", "PriceCompare.Client.Services\PriceCompare.Client.Services.csproj", "{DB20B985-3888-44A6-AA95-54A368A18F80}"
EndProject
Project("{FAE04EC0-301F-11D3-BF4B-00C04F79EFBC}") = "PriceCompare.Client.Model", "PriceCompare.Client.Model\PriceCompare.Client.Model.csproj", "{F667D0F0-33EC-4FA9-A0D4-E2F6BFB373FC}"
EndProject
Project("{2150E333-8FDC-42A3-9474-1A3956D46DE8}") = "Application", "Application", "{50AA20D8-F515-49FE-B38B-91464E802F3C}"
EndProject
Project("{FAE04EC0-301F-11D3-BF4B-00C04F79EFBC}") = "PriceCompare.Client.WPFApplication", "PriceCompare.Client.WPFApplication\PriceCompare.Client.WPFApplication.csproj", "{ADCF59E2-099F-4BD2-8467-EB5BF3A8F03F}"
EndProject
Global
	GlobalSection(SolutionConfigurationPlatforms) = preSolution
		Debug|Any CPU = Debug|Any CPU
		Release|Any CPU = Release|Any CPU
	EndGlobalSection
	GlobalSection(ProjectConfigurationPlatforms) = postSolution
		{F241699A-1D3E-4385-BE2A-5571D749DEE0}.Debug|Any CPU.ActiveCfg = Debug|Any CPU
		{F241699A-1D3E-4385-BE2A-5571D749DEE0}.Debug|Any CPU.Build.0 = Debug|Any CPU
		{F241699A-1D3E-4385-BE2A-5571D749DEE0}.Release|Any CPU.ActiveCfg = Release|Any CPU
		{F241699A-1D3E-4385-BE2A-5571D749DEE0}.Release|Any CPU.Build.0 = Release|Any CPU
		{03D40BA1-B391-4FCA-8A39-94804FD2A0A2}.Debug|Any CPU.ActiveCfg = Debug|Any CPU
		{03D40BA1-B391-4FCA-8A39-94804FD2A0A2}.Debug|Any CPU.Build.0 = Debug|Any CPU
		{03D40BA1-B391-4FCA-8A39-94804FD2A0A2}.Release|Any CPU.ActiveCfg = Release|Any CPU
		{03D40BA1-B391-4FCA-8A39-94804FD2A0A2}.Release|Any CPU.Build.0 = Release|Any CPU
		{EEA83B1E-9992-4643-A701-EEF617A1B120}.Debug|Any CPU.ActiveCfg = Debug|Any CPU
		{EEA83B1E-9992-4643-A701-EEF617A1B120}.Debug|Any CPU.Build.0 = Debug|Any CPU
		{EEA83B1E-9992-4643-A701-EEF617A1B120}.Release|Any CPU.ActiveCfg = Release|Any CPU
		{EEA83B1E-9992-4643-A701-EEF617A1B120}.Release|Any CPU.Build.0 = Release|Any CPU
		{E7A760EF-04F3-4421-893C-2686EE24CF69}.Debug|Any CPU.ActiveCfg = Debug|Any CPU
		{E7A760EF-04F3-4421-893C-2686EE24CF69}.Debug|Any CPU.Build.0 = Debug|Any CPU
		{E7A760EF-04F3-4421-893C-2686EE24CF69}.Release|Any CPU.ActiveCfg = Release|Any CPU
		{E7A760EF-04F3-4421-893C-2686EE24CF69}.Release|Any CPU.Build.0 = Release|Any CPU
		{EF38248A-A1A5-41D1-961F-91A7DE0B300B}.Debug|Any CPU.ActiveCfg = Debug|Any CPU
		{EF38248A-A1A5-41D1-961F-91A7DE0B300B}.Debug|Any CPU.Build.0 = Debug|Any CPU
		{EF38248A-A1A5-41D1-961F-91A7DE0B300B}.Release|Any CPU.ActiveCfg = Release|Any CPU
		{EF38248A-A1A5-41D1-961F-91A7DE0B300B}.Release|Any CPU.Build.0 = Release|Any CPU
		{82855C25-2A34-43A0-9F1E-6B72B31D59BA}.Debug|Any CPU.ActiveCfg = Debug|Any CPU
		{82855C25-2A34-43A0-9F1E-6B72B31D59BA}.Debug|Any CPU.Build.0 = Debug|Any CPU
		{82855C25-2A34-43A0-9F1E-6B72B31D59BA}.Release|Any CPU.ActiveCfg = Release|Any CPU
		{82855C25-2A34-43A0-9F1E-6B72B31D59BA}.Release|Any CPU.Build.0 = Release|Any CPU
		{D5F00820-2345-4158-9000-82C82FE037D3}.Debug|Any CPU.ActiveCfg = Debug|Any CPU
		{D5F00820-2345-4158-9000-82C82FE037D3}.Debug|Any CPU.Build.0 = Debug|Any CPU
		{D5F00820-2345-4158-9000-82C82FE037D3}.Release|Any CPU.ActiveCfg = Release|Any CPU
		{D5F00820-2345-4158-9000-82C82FE037D3}.Release|Any CPU.Build.0 = Release|Any CPU
		{8B896AE3-42D5-4CA0-8E52-B9F076DD2ADD}.Debug|Any CPU.ActiveCfg = Debug|Any CPU
		{8B896AE3-42D5-4CA0-8E52-B9F076DD2ADD}.Debug|Any CPU.Build.0 = Debug|Any CPU
		{8B896AE3-42D5-4CA0-8E52-B9F076DD2ADD}.Release|Any CPU.ActiveCfg = Release|Any CPU
		{8B896AE3-42D5-4CA0-8E52-B9F076DD2ADD}.Release|Any CPU.Build.0 = Release|Any CPU
		{BB279C68-5C76-441D-8A27-F899EF8A8F82}.Debug|Any CPU.ActiveCfg = Debug|Any CPU
		{BB279C68-5C76-441D-8A27-F899EF8A8F82}.Debug|Any CPU.Build.0 = Debug|Any CPU
		{BB279C68-5C76-441D-8A27-F899EF8A8F82}.Release|Any CPU.ActiveCfg = Release|Any CPU
		{BB279C68-5C76-441D-8A27-F899EF8A8F82}.Release|Any CPU.Build.0 = Release|Any CPU
		{21C213C6-2382-4AE9-92E8-995F9D065C90}.Debug|Any CPU.ActiveCfg = Debug|Any CPU
		{21C213C6-2382-4AE9-92E8-995F9D065C90}.Debug|Any CPU.Build.0 = Debug|Any CPU
		{21C213C6-2382-4AE9-92E8-995F9D065C90}.Release|Any CPU.ActiveCfg = Release|Any CPU
		{21C213C6-2382-4AE9-92E8-995F9D065C90}.Release|Any CPU.Build.0 = Release|Any CPU
		{90A61900-BE8B-4718-83B2-4192652DD1CC}.Debug|Any CPU.ActiveCfg = Debug|Any CPU
		{90A61900-BE8B-4718-83B2-4192652DD1CC}.Debug|Any CPU.Build.0 = Debug|Any CPU
		{90A61900-BE8B-4718-83B2-4192652DD1CC}.Release|Any CPU.ActiveCfg = Release|Any CPU
		{90A61900-BE8B-4718-83B2-4192652DD1CC}.Release|Any CPU.Build.0 = Release|Any CPU
		{D2D12F7C-8BFC-48FE-B9FD-976DCA29E458}.Debug|Any CPU.ActiveCfg = Debug|Any CPU
		{D2D12F7C-8BFC-48FE-B9FD-976DCA29E458}.Debug|Any CPU.Build.0 = Debug|Any CPU
		{D2D12F7C-8BFC-48FE-B9FD-976DCA29E458}.Release|Any CPU.ActiveCfg = Release|Any CPU
		{D2D12F7C-8BFC-48FE-B9FD-976DCA29E458}.Release|Any CPU.Build.0 = Release|Any CPU
		{2ECF0182-4583-4911-825D-A1560AC00B7A}.Debug|Any CPU.ActiveCfg = Debug|Any CPU
		{2ECF0182-4583-4911-825D-A1560AC00B7A}.Debug|Any CPU.Build.0 = Debug|Any CPU
		{2ECF0182-4583-4911-825D-A1560AC00B7A}.Release|Any CPU.ActiveCfg = Release|Any CPU
		{2ECF0182-4583-4911-825D-A1560AC00B7A}.Release|Any CPU.Build.0 = Release|Any CPU
		{911C5AE1-D0FA-46E5-B32F-B5B367384692}.Debug|Any CPU.ActiveCfg = Debug|Any CPU
		{911C5AE1-D0FA-46E5-B32F-B5B367384692}.Debug|Any CPU.Build.0 = Debug|Any CPU
		{911C5AE1-D0FA-46E5-B32F-B5B367384692}.Release|Any CPU.ActiveCfg = Release|Any CPU
		{911C5AE1-D0FA-46E5-B32F-B5B367384692}.Release|Any CPU.Build.0 = Release|Any CPU
		{D0E70B9F-47FB-4D3B-A47F-4000C7BCA6D8}.Debug|Any CPU.ActiveCfg = Debug|Any CPU
		{D0E70B9F-47FB-4D3B-A47F-4000C7BCA6D8}.Debug|Any CPU.Build.0 = Debug|Any CPU
		{D0E70B9F-47FB-4D3B-A47F-4000C7BCA6D8}.Release|Any CPU.ActiveCfg = Release|Any CPU
		{D0E70B9F-47FB-4D3B-A47F-4000C7BCA6D8}.Release|Any CPU.Build.0 = Release|Any CPU
		{C66364BD-B2B3-4DE5-9B4D-A50F181E602E}.Debug|Any CPU.ActiveCfg = Debug|Any CPU
		{C66364BD-B2B3-4DE5-9B4D-A50F181E602E}.Debug|Any CPU.Build.0 = Debug|Any CPU
		{C66364BD-B2B3-4DE5-9B4D-A50F181E602E}.Release|Any CPU.ActiveCfg = Release|Any CPU
		{C66364BD-B2B3-4DE5-9B4D-A50F181E602E}.Release|Any CPU.Build.0 = Release|Any CPU
		{DB20B985-3888-44A6-AA95-54A368A18F80}.Debug|Any CPU.ActiveCfg = Debug|Any CPU
		{DB20B985-3888-44A6-AA95-54A368A18F80}.Debug|Any CPU.Build.0 = Debug|Any CPU
		{DB20B985-3888-44A6-AA95-54A368A18F80}.Release|Any CPU.ActiveCfg = Release|Any CPU
		{DB20B985-3888-44A6-AA95-54A368A18F80}.Release|Any CPU.Build.0 = Release|Any CPU
		{F667D0F0-33EC-4FA9-A0D4-E2F6BFB373FC}.Debug|Any CPU.ActiveCfg = Debug|Any CPU
		{F667D0F0-33EC-4FA9-A0D4-E2F6BFB373FC}.Debug|Any CPU.Build.0 = Debug|Any CPU
		{F667D0F0-33EC-4FA9-A0D4-E2F6BFB373FC}.Release|Any CPU.ActiveCfg = Release|Any CPU
		{F667D0F0-33EC-4FA9-A0D4-E2F6BFB373FC}.Release|Any CPU.Build.0 = Release|Any CPU
		{ADCF59E2-099F-4BD2-8467-EB5BF3A8F03F}.Debug|Any CPU.ActiveCfg = Debug|Any CPU
		{ADCF59E2-099F-4BD2-8467-EB5BF3A8F03F}.Debug|Any CPU.Build.0 = Debug|Any CPU
		{ADCF59E2-099F-4BD2-8467-EB5BF3A8F03F}.Release|Any CPU.ActiveCfg = Release|Any CPU
		{ADCF59E2-099F-4BD2-8467-EB5BF3A8F03F}.Release|Any CPU.Build.0 = Release|Any CPU
	EndGlobalSection
	GlobalSection(SolutionProperties) = preSolution
		HideSolutionNode = FALSE
	EndGlobalSection
	GlobalSection(NestedProjects) = preSolution
		{41191C85-3574-4007-BEAE-9925F38B795E} = {2558C5EA-724C-4842-AA7D-F404DDE59882}
		{E40E8888-458C-49AF-8C37-AAA9928AF129} = {2558C5EA-724C-4842-AA7D-F404DDE59882}
		{8115BA56-E90A-4CF8-99F7-A02DC8EAB402} = {2558C5EA-724C-4842-AA7D-F404DDE59882}
		{90422165-1E78-44F2-B4D5-514490AC21BE} = {41191C85-3574-4007-BEAE-9925F38B795E}
		{5D2CA21C-1B18-485D-BB0C-66ABCA0513AD} = {2558C5EA-724C-4842-AA7D-F404DDE59882}
		{F241699A-1D3E-4385-BE2A-5571D749DEE0} = {5D2CA21C-1B18-485D-BB0C-66ABCA0513AD}
		{03D40BA1-B391-4FCA-8A39-94804FD2A0A2} = {90422165-1E78-44F2-B4D5-514490AC21BE}
		{EEA83B1E-9992-4643-A701-EEF617A1B120} = {90422165-1E78-44F2-B4D5-514490AC21BE}
		{0DA7C72A-0BE1-4FE0-9B89-CE57110C48B5} = {8115BA56-E90A-4CF8-99F7-A02DC8EAB402}
		{E7A760EF-04F3-4421-893C-2686EE24CF69} = {0DA7C72A-0BE1-4FE0-9B89-CE57110C48B5}
		{EF38248A-A1A5-41D1-961F-91A7DE0B300B} = {0DA7C72A-0BE1-4FE0-9B89-CE57110C48B5}
		{C586F39E-D4BB-4BB4-A07D-53FBB9F41E5F} = {E40E8888-458C-49AF-8C37-AAA9928AF129}
		{82855C25-2A34-43A0-9F1E-6B72B31D59BA} = {C586F39E-D4BB-4BB4-A07D-53FBB9F41E5F}
		{D5F00820-2345-4158-9000-82C82FE037D3} = {C586F39E-D4BB-4BB4-A07D-53FBB9F41E5F}
		{1CED3019-0EF0-417A-B6C9-D0A0CF8DEB50} = {41191C85-3574-4007-BEAE-9925F38B795E}
		{15ACAEC8-BFD3-4A3E-8260-DA27A803094F} = {E40E8888-458C-49AF-8C37-AAA9928AF129}
		{8B896AE3-42D5-4CA0-8E52-B9F076DD2ADD} = {1CED3019-0EF0-417A-B6C9-D0A0CF8DEB50}
		{BB279C68-5C76-441D-8A27-F899EF8A8F82} = {1CED3019-0EF0-417A-B6C9-D0A0CF8DEB50}
		{21C213C6-2382-4AE9-92E8-995F9D065C90} = {15ACAEC8-BFD3-4A3E-8260-DA27A803094F}
		{90A61900-BE8B-4718-83B2-4192652DD1CC} = {15ACAEC8-BFD3-4A3E-8260-DA27A803094F}
		{964D735A-DCF9-4C3B-ADEC-BCB98F514BDD} = {2558C5EA-724C-4842-AA7D-F404DDE59882}
		{D2D12F7C-8BFC-48FE-B9FD-976DCA29E458} = {964D735A-DCF9-4C3B-ADEC-BCB98F514BDD}
		{AB1FE344-96B6-407D-8F5D-B1029424C3AB} = {41191C85-3574-4007-BEAE-9925F38B795E}
		{C44BE2F1-F449-43A3-985C-3392C7C93FB7} = {E40E8888-458C-49AF-8C37-AAA9928AF129}
		{2ECF0182-4583-4911-825D-A1560AC00B7A} = {C44BE2F1-F449-43A3-985C-3392C7C93FB7}
		{911C5AE1-D0FA-46E5-B32F-B5B367384692} = {C44BE2F1-F449-43A3-985C-3392C7C93FB7}
		{D0E70B9F-47FB-4D3B-A47F-4000C7BCA6D8} = {AB1FE344-96B6-407D-8F5D-B1029424C3AB}
		{C66364BD-B2B3-4DE5-9B4D-A50F181E602E} = {AB1FE344-96B6-407D-8F5D-B1029424C3AB}
		{E2F56F4A-2A6A-4799-836E-14C14F6F809C} = {7DE8396C-9C6C-42C2-8416-4C4C1FC6F55B}
		{DB20B985-3888-44A6-AA95-54A368A18F80} = {E2F56F4A-2A6A-4799-836E-14C14F6F809C}
		{F667D0F0-33EC-4FA9-A0D4-E2F6BFB373FC} = {E2F56F4A-2A6A-4799-836E-14C14F6F809C}
		{50AA20D8-F515-49FE-B38B-91464E802F3C} = {7DE8396C-9C6C-42C2-8416-4C4C1FC6F55B}
		{ADCF59E2-099F-4BD2-8467-EB5BF3A8F03F} = {50AA20D8-F515-49FE-B38B-91464E802F3C}
	EndGlobalSection
EndGlobal
